// !$*UTF8*$!
{
	archiveVersion = 1;
	classes = {
	};
	objectVersion = 56;
	objects = {

/* Begin PBXBuildFile section */
		A10000000000000000000001 /* ContextsApp.swift in Sources */ = {isa = PBXBuildFile; fileRef = A20000000000000000000001 /* ContextsApp.swift */; };
		A10000000000000000000002 /* AppDelegate.swift in Sources */ = {isa = PBXBuildFile; fileRef = A20000000000000000000002 /* AppDelegate.swift */; };
		A10000000000000000000003 /* DashboardView.swift in Sources */ = {isa = PBXBuildFile; fileRef = A20000000000000000000003 /* DashboardView.swift */; };
		A10000000000000000000004 /* MenuBarExtraContentView.swift in Sources */ = {isa = PBXBuildFile; fileRef = A20000000000000000000004 /* MenuBarExtraContentView.swift */; };
		A10000000000000000000005 /* WorkContextModels.swift in Sources */ = {isa = PBXBuildFile; fileRef = A20000000000000000000005 /* WorkContextModels.swift */; };
		A10000000000000000000006 /* PermissionsManager.swift in Sources */ = {isa = PBXBuildFile; fileRef = A20000000000000000000006 /* PermissionsManager.swift */; };
		A10000000000000000000007 /* SetupHealthView.swift in Sources */ = {isa = PBXBuildFile; fileRef = A20000000000000000000007 /* SetupHealthView.swift */; };
		A10000000000000000000008 /* WorkspaceEngine.swift in Sources */ = {isa = PBXBuildFile; fileRef = A20000000000000000000008 /* WorkspaceEngine.swift */; };
		A10000000000000000000009 /* SharedModelContainer.swift in Sources */ = {isa = PBXBuildFile; fileRef = A20000000000000000000009 /* SharedModelContainer.swift */; };
		A10000000000000000000010 /* RunContextIntent.swift in Sources */ = {isa = PBXBuildFile; fileRef = A20000000000000000000010 /* RunContextIntent.swift */; };
		A10000000000000000000011 /* ContextsAppShortcuts.swift in Sources */ = {isa = PBXBuildFile; fileRef = A20000000000000000000011 /* ContextsAppShortcuts.swift */; };
		A10000000000000000000013 /* SessionManager.swift in Sources */ = {isa = PBXBuildFile; fileRef = A20000000000000000000013 /* SessionManager.swift */; };
		A10000000000000000000014 /* ContextEditorView.swift in Sources */ = {isa = PBXBuildFile; fileRef = A20000000000000000000014 /* ContextEditorView.swift */; };
		A10000000000000000000015 /* SettingsView.swift in Sources */ = {isa = PBXBuildFile; fileRef = A20000000000000000000015 /* SettingsView.swift */; };
		A10000000000000000000016 /* LicenseManager.swift in Sources */ = {isa = PBXBuildFile; fileRef = A20000000000000000000016 /* LicenseManager.swift */; };
		A10000000000000000000017 /* LicenseView.swift in Sources */ = {isa = PBXBuildFile; fileRef = A20000000000000000000017 /* LicenseView.swift */; };
/* End PBXBuildFile section */

/* Begin PBXFileReference section */
		A20000000000000000000001 /* ContextsApp.swift */ = {isa = PBXFileReference; lastKnownFileType = sourcecode.swift; path = ContextsApp.swift; sourceTree = "<group>"; };
		A20000000000000000000002 /* AppDelegate.swift */ = {isa = PBXFileReference; lastKnownFileType = sourcecode.swift; path = AppDelegate.swift; sourceTree = "<group>"; };
		A20000000000000000000003 /* DashboardView.swift */ = {isa = PBXFileReference; lastKnownFileType = sourcecode.swift; path = DashboardView.swift; sourceTree = "<group>"; };
		A20000000000000000000004 /* MenuBarExtraContentView.swift */ = {isa = PBXFileReference; lastKnownFileType = sourcecode.swift; path = MenuBarExtraContentView.swift; sourceTree = "<group>"; };
		A20000000000000000000005 /* WorkContextModels.swift */ = {isa = PBXFileReference; lastKnownFileType = sourcecode.swift; path = WorkContextModels.swift; sourceTree = "<group>"; };
		A20000000000000000000006 /* PermissionsManager.swift */ = {isa = PBXFileReference; lastKnownFileType = sourcecode.swift; path = PermissionsManager.swift; sourceTree = "<group>"; };
		A20000000000000000000007 /* SetupHealthView.swift */ = {isa = PBXFileReference; lastKnownFileType = sourcecode.swift; path = SetupHealthView.swift; sourceTree = "<group>"; };
		A20000000000000000000008 /* WorkspaceEngine.swift */ = {isa = PBXFileReference; lastKnownFileType = sourcecode.swift; path = WorkspaceEngine.swift; sourceTree = "<group>"; };
		A20000000000000000000009 /* SharedModelContainer.swift */ = {isa = PBXFileReference; lastKnownFileType = sourcecode.swift; path = SharedModelContainer.swift; sourceTree = "<group>"; };
		A20000000000000000000010 /* RunContextIntent.swift */ = {isa = PBXFileReference; lastKnownFileType = sourcecode.swift; path = RunContextIntent.swift; sourceTree = "<group>"; };
		A20000000000000000000011 /* ContextsAppShortcuts.swift */ = {isa = PBXFileReference; lastKnownFileType = sourcecode.swift; path = ContextsAppShortcuts.swift; sourceTree = "<group>"; };
		A20000000000000000000013 /* SessionManager.swift */ = {isa = PBXFileReference; lastKnownFileType = sourcecode.swift; path = SessionManager.swift; sourceTree = "<group>"; };
		A20000000000000000000014 /* ContextEditorView.swift */ = {isa = PBXFileReference; lastKnownFileType = sourcecode.swift; path = ContextEditorView.swift; sourceTree = "<group>"; };
		A20000000000000000000015 /* SettingsView.swift */ = {isa = PBXFileReference; lastKnownFileType = sourcecode.swift; path = SettingsView.swift; sourceTree = "<group>"; };
		A20000000000000000000016 /* LicenseManager.swift */ = {isa = PBXFileReference; lastKnownFileType = sourcecode.swift; path = LicenseManager.swift; sourceTree = "<group>"; };
		A20000000000000000000017 /* LicenseView.swift */ = {isa = PBXFileReference; lastKnownFileType = sourcecode.swift; path = LicenseView.swift; sourceTree = "<group>"; };
		A30000000000000000000001 /* Contexts.app */ = {isa = PBXFileReference; explicitFileType = wrapper.application; includeInIndex = 0; path = Contexts.app; sourceTree = BUILT_PRODUCTS_DIR; };
/* End PBXFileReference section */

/* Begin PBXFrameworksBuildPhase section */
		A40000000000000000000001 /* Frameworks */ = {
			isa = PBXFrameworksBuildPhase;
			buildActionMask = 2147483647;
			files = (
			);
			runOnlyForDeploymentPostprocessing = 0;
		};
/* End PBXFrameworksBuildPhase section */

/* Begin PBXGroup section */
		A50000000000000000000001 = {
			isa = PBXGroup;
			children = (
				A50000000000000000000002 /* Contexts */,
				A50000000000000000000003 /* Products */,
			);
			sourceTree = "<group>";
		};
		A50000000000000000000002 /* Contexts */ = {
			isa = PBXGroup;
			children = (
				A20000000000000000000001 /* ContextsApp.swift */,
				A20000000000000000000015 /* SettingsView.swift */,
				A20000000000000000000016 /* LicenseManager.swift */,
				A20000000000000000000017 /* LicenseView.swift */,
				A20000000000000000000002 /* AppDelegate.swift */,
				A20000000000000000000003 /* DashboardView.swift */,
				A20000000000000000000014 /* ContextEditorView.swift */,
				A20000000000000000000004 /* MenuBarExtraContentView.swift */,
				A50000000000000000000004 /* Models */,
				A50000000000000000000007 /* Persistence */,
				A50000000000000000000008 /* AppIntents */,
				A50000000000000000000009 /* Session */,
				A50000000000000000000005 /* Permissions */,
				A50000000000000000000006 /* Workspace */,
			);
			path = Contexts;
			sourceTree = "<group>";
		};
		A50000000000000000000003 /* Products */ = {
			isa = PBXGroup;
			children = (
				A30000000000000000000001 /* Contexts.app */,
			);
			name = Products;
			sourceTree = "<group>";
		};
		A50000000000000000000004 /* Models */ = {
			isa = PBXGroup;
			children = (
				A20000000000000000000005 /* WorkContextModels.swift */,
			);
			path = Models;
			sourceTree = "<group>";
		};
		A50000000000000000000005 /* Permissions */ = {
			isa = PBXGroup;
			children = (
				A20000000000000000000006 /* PermissionsManager.swift */,
				A20000000000000000000007 /* SetupHealthView.swift */,
			);
			path = Permissions;
			sourceTree = "<group>";
		};
		A50000000000000000000006 /* Workspace */ = {
			isa = PBXGroup;
			children = (
				A20000000000000000000008 /* WorkspaceEngine.swift */,
			);
			path = Workspace;
			sourceTree = "<group>";
		};
		A50000000000000000000007 /* Persistence */ = {
			isa = PBXGroup;
			children = (
				A20000000000000000000009 /* SharedModelContainer.swift */,
			);
			path = Persistence;
			sourceTree = "<group>";
		};
		A50000000000000000000008 /* AppIntents */ = {
			isa = PBXGroup;
			children = (
				A20000000000000000000010 /* RunContextIntent.swift */,
				A20000000000000000000011 /* ContextsAppShortcuts.swift */,
			);
			path = AppIntents;
			sourceTree = "<group>";
		};
		A50000000000000000000009 /* Session */ = {
			isa = PBXGroup;
			children = (
				A20000000000000000000013 /* SessionManager.swift */,
			);
			path = Session;
			sourceTree = "<group>";
		};
/* End PBXGroup section */

/* Begin PBXNativeTarget section */
		A60000000000000000000001 /* Contexts */ = {
			isa = PBXNativeTarget;
			buildConfigurationList = A70000000000000000000003 /* Build configuration list for PBXNativeTarget "Contexts" */;
			buildPhases = (
				A60000000000000000000002 /* Sources */,
				A40000000000000000000001 /* Frameworks */,
				A60000000000000000000003 /* Resources */,
			);
			buildRules = (
			);
			dependencies = (
			);
			name = Contexts;
			productName = Contexts;
			productReference = A30000000000000000000001 /* Contexts.app */;
			productType = "com.apple.product-type.application";
		};
/* End PBXNativeTarget section */

/* Begin PBXProject section */
		A80000000000000000000001 /* Project object */ = {
			isa = PBXProject;
			attributes = {
				BuildIndependentTargetsInParallel = 1;
				LastSwiftUpdateCheck = 1500;
				LastUpgradeCheck = 2640;
				TargetAttributes = {
					A60000000000000000000001 = {
						CreatedOnToolsVersion = 15.0;
					};
				};
			};
			buildConfigurationList = A70000000000000000000001 /* Build configuration list for PBXProject "Contexts" */;
			compatibilityVersion = "Xcode 14.0";
			developmentRegion = en;
			hasScannedForEncodings = 0;
			knownRegions = (
				en,
				Base,
			);
			mainGroup = A50000000000000000000001;
			productRefGroup = A50000000000000000000003 /* Products */;
			projectDirPath = "";
			projectRoot = "";
			targets = (
				A60000000000000000000001 /* Contexts */,
			);
		};
/* End PBXProject section */

/* Begin PBXResourcesBuildPhase section */
		A60000000000000000000003 /* Resources */ = {
			isa = PBXResourcesBuildPhase;
			buildActionMask = 2147483647;
			files = (
			);
			runOnlyForDeploymentPostprocessing = 0;
		};
/* End PBXResourcesBuildPhase section */

/* Begin PBXSourcesBuildPhase section */
		A60000000000000000000002 /* Sources */ = {
			isa = PBXSourcesBuildPhase;
			buildActionMask = 2147483647;
			files = (
				A10000000000000000000001 /* ContextsApp.swift in Sources */,
				A10000000000000000000002 /* AppDelegate.swift in Sources */,
				A10000000000000000000003 /* DashboardView.swift in Sources */,
				A10000000000000000000014 /* ContextEditorView.swift in Sources */,
				A10000000000000000000004 /* MenuBarExtraContentView.swift in Sources */,
				A10000000000000000000005 /* WorkContextModels.swift in Sources */,
				A10000000000000000000006 /* PermissionsManager.swift in Sources */,
				A10000000000000000000007 /* SetupHealthView.swift in Sources */,
				A10000000000000000000008 /* WorkspaceEngine.swift in Sources */,
				A10000000000000000000009 /* SharedModelContainer.swift in Sources */,
				A10000000000000000000010 /* RunContextIntent.swift in Sources */,
				A10000000000000000000011 /* ContextsAppShortcuts.swift in Sources */,
				A10000000000000000000013 /* SessionManager.swift in Sources */,
				A10000000000000000000015 /* SettingsView.swift in Sources */,
				A10000000000000000000016 /* LicenseManager.swift in Sources */,
				A10000000000000000000017 /* LicenseView.swift in Sources */,
			);
			runOnlyForDeploymentPostprocessing = 0;
		};
/* End PBXSourcesBuildPhase section */

/* Begin XCBuildConfiguration section */
		A90000000000000000000001 /* Debug */ = {
			isa = XCBuildConfiguration;
			buildSettings = {
				ALWAYS_SEARCH_USER_PATHS = NO;
				ASSETCATALOG_COMPILER_GENERATE_SWIFT_ASSET_SYMBOL_EXTENSIONS = YES;
				CLANG_ANALYZER_NONNULL = YES;
				CLANG_ANALYZER_NUMBER_OBJECT_CONVERSION = YES_AGGRESSIVE;
				CLANG_CXX_LANGUAGE_STANDARD = "gnu++20";
				CLANG_ENABLE_MODULES = YES;
				CLANG_ENABLE_OBJC_ARC = YES;
				CLANG_ENABLE_OBJC_WEAK = YES;
				CLANG_WARN_BLOCK_CAPTURE_AUTORELEASING = YES;
				CLANG_WARN_BOOL_CONVERSION = YES;
				CLANG_WARN_COMMA = YES;
				CLANG_WARN_CONSTANT_CONVERSION = YES;
				CLANG_WARN_DEPRECATED_OBJC_IMPLEMENTATIONS = YES;
				CLANG_WARN_DIRECT_OBJC_ISA_USAGE = YES_ERROR;
				CLANG_WARN_DOCUMENTATION_COMMENTS = YES;
				CLANG_WARN_EMPTY_BODY = YES;
				CLANG_WARN_ENUM_CONVERSION = YES;
				CLANG_WARN_INFINITE_RECURSION = YES;
				CLANG_WARN_INT_CONVERSION = YES;
				CLANG_WARN_NON_LITERAL_NULL_CONVERSION = YES;
				CLANG_WARN_OBJC_IMPLICIT_RETAIN_SELF = YES;
				CLANG_WARN_OBJC_LITERAL_CONVERSION = YES;
				CLANG_WARN_OBJC_ROOT_CLASS = YES_ERROR;
				CLANG_WARN_QUOTED_INCLUDE_IN_FRAMEWORK_HEADER = YES;
				CLANG_WARN_RANGE_LOOP_ANALYSIS = YES;
				CLANG_WARN_STRICT_PROTOTYPES = YES;
				CLANG_WARN_SUSPICIOUS_MOVE = YES;
				CLANG_WARN_UNGUARDED_AVAILABILITY = YES_AGGRESSIVE;
				CLANG_WARN_UNREACHABLE_CODE = YES;
				CLANG_WARN__DUPLICATE_METHOD_MATCH = YES;
				COPY_PHASE_STRIP = NO;
				DEAD_CODE_STRIPPING = YES;
				DEBUG_INFORMATION_FORMAT = dwarf;
				ENABLE_STRICT_OBJC_MSGSEND = YES;
				ENABLE_TESTABILITY = YES;
				ENABLE_USER_SCRIPT_SANDBOXING = YES;
				GCC_C_LANGUAGE_STANDARD = gnu17;
				GCC_DYNAMIC_NO_PIC = NO;
				GCC_NO_COMMON_BLOCKS = YES;
				GCC_OPTIMIZATION_LEVEL = 0;
				GCC_PREPROCESSOR_DEFINITIONS = (
					"DEBUG=1",
					"$(inherited)",
				);
				GCC_WARN_64_TO_32_BIT_CONVERSION = YES;
				GCC_WARN_ABOUT_RETURN_TYPE = YES_ERROR;
				GCC_WARN_UNDECLARED_SELECTOR = YES;
				GCC_WARN_UNINITIALIZED_AUTOS = YES_AGGRESSIVE;
				GCC_WARN_UNUSED_FUNCTION = YES;
				GCC_WARN_UNUSED_VARIABLE = YES;
				LOCALIZATION_PREFERS_STRING_CATALOGS = YES;
				MACOSX_DEPLOYMENT_TARGET = 14.0;
				MTL_ENABLE_DEBUG_INFO = INCLUDE_SOURCE;
				MTL_FAST_MATH = YES;
				ONLY_ACTIVE_ARCH = YES;
				SDKROOT = macosx;
				STRING_CATALOG_GENERATE_SYMBOLS = YES;
				SWIFT_ACTIVE_COMPILATION_CONDITIONS = "DEBUG $(inherited)";
				SWIFT_OPTIMIZATION_LEVEL = "-Onone";
			};
			name = Debug;
		};
		A90000000000000000000002 /* Release */ = {
			isa = XCBuildConfiguration;
			buildSettings = {
				ALWAYS_SEARCH_USER_PATHS = NO;
				ASSETCATALOG_COMPILER_GENERATE_SWIFT_ASSET_SYMBOL_EXTENSIONS = YES;
				CLANG_ANALYZER_NONNULL = YES;
				CLANG_ANALYZER_NUMBER_OBJECT_CONVERSION = YES_AGGRESSIVE;
				CLANG_CXX_LANGUAGE_STANDARD = "gnu++20";
				CLANG_ENABLE_MODULES = YES;
				CLANG_ENABLE_OBJC_ARC = YES;
				CLANG_ENABLE_OBJC_WEAK = YES;
				CLANG_WARN_BLOCK_CAPTURE_AUTORELEASING = YES;
				CLANG_WARN_BOOL_CONVERSION = YES;
				CLANG_WARN_COMMA = YES;
				CLANG_WARN_CONSTANT_CONVERSION = YES;
				CLANG_WARN_DEPRECATED_OBJC_IMPLEMENTATIONS = YES;
				CLANG_WARN_DIRECT_OBJC_ISA_USAGE = YES_ERROR;
				CLANG_WARN_DOCUMENTATION_COMMENTS = YES;
				CLANG_WARN_EMPTY_BODY = YES;
				CLANG_WARN_ENUM_CONVERSION = YES;
				CLANG_WARN_INFINITE_RECURSION = YES;
				CLANG_WARN_INT_CONVERSION = YES;
				CLANG_WARN_NON_LITERAL_NULL_CONVERSION = YES;
				CLANG_WARN_OBJC_IMPLICIT_RETAIN_SELF = YES;
				CLANG_WARN_OBJC_LITERAL_CONVERSION = YES;
				CLANG_WARN_OBJC_ROOT_CLASS = YES_ERROR;
				CLANG_WARN_QUOTED_INCLUDE_IN_FRAMEWORK_HEADER = YES;
				CLANG_WARN_RANGE_LOOP_ANALYSIS = YES;
				CLANG_WARN_STRICT_PROTOTYPES = YES;
				CLANG_WARN_SUSPICIOUS_MOVE = YES;
				CLANG_WARN_UNGUARDED_AVAILABILITY = YES_AGGRESSIVE;
				CLANG_WARN_UNREACHABLE_CODE = YES;
				CLANG_WARN__DUPLICATE_METHOD_MATCH = YES;
				COPY_PHASE_STRIP = NO;
				DEAD_CODE_STRIPPING = YES;
				DEBUG_INFORMATION_FORMAT = "dwarf-with-dsym";
				ENABLE_NS_ASSERTIONS = NO;
				ENABLE_STRICT_OBJC_MSGSEND = YES;
				ENABLE_USER_SCRIPT_SANDBOXING = YES;
				GCC_C_LANGUAGE_STANDARD = gnu17;
				GCC_NO_COMMON_BLOCKS = YES;
				GCC_WARN_64_TO_32_BIT_CONVERSION = YES;
				GCC_WARN_ABOUT_RETURN_TYPE = YES_ERROR;
				GCC_WARN_UNDECLARED_SELECTOR = YES;
				GCC_WARN_UNINITIALIZED_AUTOS = YES_AGGRESSIVE;
				GCC_WARN_UNUSED_FUNCTION = YES;
				GCC_WARN_UNUSED_VARIABLE = YES;
				LOCALIZATION_PREFERS_STRING_CATALOGS = YES;
				MACOSX_DEPLOYMENT_TARGET = 14.0;
				MTL_ENABLE_DEBUG_INFO = NO;
				MTL_FAST_MATH = YES;
				SDKROOT = macosx;
				STRING_CATALOG_GENERATE_SYMBOLS = YES;
				SWIFT_COMPILATION_MODE = wholemodule;
			};
			name = Release;
		};
		A90000000000000000000003 /* Debug */ = {
			isa = XCBuildConfiguration;
			buildSettings = {
				ASSETCATALOG_COMPILER_APPICON_NAME = AppIcon;
				ASSETCATALOG_COMPILER_GLOBAL_ACCENT_COLOR_NAME = AccentColor;
				CODE_SIGN_ENTITLEMENTS = "";
				CODE_SIGN_STYLE = Automatic;
				COMBINE_HIDPI_IMAGES = YES;
				CURRENT_PROJECT_VERSION = 1;
				DEAD_CODE_STRIPPING = YES;
				DEVELOPMENT_ASSET_PATHS = "";
				ENABLE_APP_SANDBOX = NO;
				ENABLE_HARDENED_RUNTIME = YES;
				ENABLE_PREVIEWS = YES;
				GENERATE_INFOPLIST_FILE = YES;
				INFOPLIST_KEY_LSApplicationCategoryType = "public.app-category.productivity";
				INFOPLIST_KEY_NSAccessibilityUsageDescription = "Contexts uses Accessibility to inspect and restore window positions when switching contexts.";
				INFOPLIST_KEY_NSHumanReadableCopyright = "";
				LD_RUNPATH_SEARCH_PATHS = (
					"$(inherited)",
					"@executable_path/../Frameworks",
				);
				MARKETING_VERSION = 1.0;
				PRODUCT_BUNDLE_IDENTIFIER = com.contexts.Contexts;
				PRODUCT_NAME = "$(TARGET_NAME)";
				SWIFT_EMIT_LOC_STRINGS = YES;
				SWIFT_STRICT_CONCURRENCY = complete;
				SWIFT_VERSION = 5.0;
			};
			name = Debug;
		};
		A90000000000000000000004 /* Release */ = {
			isa = XCBuildConfiguration;
			buildSettings = {
				ASSETCATALOG_COMPILER_APPICON_NAME = AppIcon;
				ASSETCATALOG_COMPILER_GLOBAL_ACCENT_COLOR_NAME = AccentColor;
				CODE_SIGN_ENTITLEMENTS = "";
				CODE_SIGN_STYLE = Automatic;
				COMBINE_HIDPI_IMAGES = YES;
				CURRENT_PROJECT_VERSION = 1;
				DEAD_CODE_STRIPPING = YES;
				DEVELOPMENT_ASSET_PATHS = "";
				ENABLE_APP_SANDBOX = NO;
				ENABLE_HARDENED_RUNTIME = YES;
				ENABLE_PREVIEWS = YES;
				GENERATE_INFOPLIST_FILE = YES;
				INFOPLIST_KEY_LSApplicationCategoryType = "public.app-category.productivity";
				INFOPLIST_KEY_NSAccessibilityUsageDescription = "Contexts uses Accessibility to inspect and restore window positions when switching contexts.";
				INFOPLIST_KEY_NSHumanReadableCopyright = "";
				LD_RUNPATH_SEARCH_PATHS = (
					"$(inherited)",
					"@executable_path/../Frameworks",
				);
				MARKETING_VERSION = 1.0;
				PRODUCT_BUNDLE_IDENTIFIER = com.contexts.Contexts;
				PRODUCT_NAME = "$(TARGET_NAME)";
				SWIFT_EMIT_LOC_STRINGS = YES;
				SWIFT_STRICT_CONCURRENCY = complete;
				SWIFT_VERSION = 5.0;
			};
			name = Release;
		};
/* End XCBuildConfiguration section */

/* Begin XCConfigurationList section */
		A70000000000000000000001 /* Build configuration list for PBXProject "Contexts" */ = {
			isa = XCConfigurationList;
			buildConfigurations = (
				A90000000000000000000001 /* Debug */,
				A90000000000000000000002 /* Release */,
			);
			defaultConfigurationIsVisible = 0;
			defaultConfigurationName = Release;
		};
		A70000000000000000000003 /* Build configuration list for PBXNativeTarget "Contexts" */ = {
			isa = XCConfigurationList;
			buildConfigurations = (
				A90000000000000000000003 /* Debug */,
				A90000000000000000000004 /* Release */,
			);
			defaultConfigurationIsVisible = 0;
			defaultConfigurationName = Release;
		};
/* End XCConfigurationList section */
	};
	rootObject = A80000000000000000000001 /* Project object */;
}
